<?xml version="1.0" encoding="utf-8"?>
<Project ToolsVersion="4.0" xmlns="http://schemas.microsoft.com/developer/msbuild/2003">
  <ItemGroup>
    <Filter Include="源文件">
      <UniqueIdentifier>{4FC737F1-C7A5-4376-A066-2A32D752A2FF}</UniqueIdentifier>
      <Extensions>cpp;c;cc;cxx;c++;cppm;ixx;def;odl;idl;hpj;bat;asm;asmx</Extensions>
    </Filter>
    <Filter Include="头文件">
      <UniqueIdentifier>{93995380-89BD-4b04-88EB-625FBE52EBFB}</UniqueIdentifier>
      <Extensions>h;hh;hpp;hxx;h++;hm;inl;inc;ipp;xsd</Extensions>
    </Filter>
    <Filter Include="资源文件">
      <UniqueIdentifier>{67DA6AB6-F800-4c08-8B7A-83BB121AAD01}</UniqueIdentifier>
      <Extensions>rc;ico;cur;bmp;dlg;rc2;rct;bin;rgs;gif;jpg;jpeg;jpe;resx;tiff;tif;png;wav;mfcribbon-ms</Extensions>
    </Filter>
  </ItemGroup>
  <ItemGroup>
    <ResourceCompile Include="win32\Renderer.rc">
      <Filter>资源文件</Filter>
    </ResourceCompile>
  </ItemGroup>
  <ItemGroup>
    <None Include="win32\packages.config" />
    <None Include="packages.config" />
  </ItemGroup>
  <ItemGroup>
    <Image Include="win32\Carol.ico">
      <Filter>资源文件</Filter>
    </Image>
  </ItemGroup>
  <ItemGroup>
    <ClInclude Include="include\dx12\descriptor_allocator.h">
      <Filter>头文件</Filter>
    </ClInclude>
    <ClInclude Include="include\dx12\heap.h">
      <Filter>头文件</Filter>
    </ClInclude>
    <ClInclude Include="include\dx12\resource.h">
      <Filter>头文件</Filter>
    </ClInclude>
    <ClInclude Include="include\dx12\sampler.h">
      <Filter>头文件</Filter>
    </ClInclude>
    <ClInclude Include="include\dx12\shader.h">
      <Filter>头文件</Filter>
    </ClInclude>
    <ClInclude Include="include\manager\ssao.h">
      <Filter>头文件</Filter>
    </ClInclude>
    <ClInclude Include="include\manager\taa.h">
      <Filter>头文件</Filter>
    </ClInclude>
    <ClInclude Include="include\manager\display.h">
      <Filter>头文件</Filter>
    </ClInclude>
    <ClInclude Include="include\manager\light.h">
      <Filter>头文件</Filter>
    </ClInclude>
    <ClInclude Include="include\manager\mesh.h">
      <Filter>头文件</Filter>
    </ClInclude>
    <ClInclude Include="include\manager\oitppll.h">
      <Filter>头文件</Filter>
    </ClInclude>
    <ClInclude Include="include\manager\manager.h">
      <Filter>头文件</Filter>
    </ClInclude>
    <ClInclude Include="include\scene\assimp.h">
      <Filter>头文件</Filter>
    </ClInclude>
    <ClInclude Include="include\scene\camera.h">
      <Filter>头文件</Filter>
    </ClInclude>
    <ClInclude Include="include\scene\timer.h">
      <Filter>头文件</Filter>
    </ClInclude>
    <ClInclude Include="include\scene\model.h">
      <Filter>头文件</Filter>
    </ClInclude>
    <ClInclude Include="include\scene\skinned_data.h">
      <Filter>头文件</Filter>
    </ClInclude>
    <ClInclude Include="include\scene\texture.h">
      <Filter>头文件</Filter>
    </ClInclude>
    <ClInclude Include="include\utils\bitset.h">
      <Filter>头文件</Filter>
    </ClInclude>
    <ClInclude Include="include\utils\buddy.h">
      <Filter>头文件</Filter>
    </ClInclude>
    <ClInclude Include="include\utils\common.h">
      <Filter>头文件</Filter>
    </ClInclude>
    <ClInclude Include="include\utils\d3dx12.h">
      <Filter>头文件</Filter>
    </ClInclude>
    <ClInclude Include="win32\framework.h">
      <Filter>头文件</Filter>
    </ClInclude>
    <ClInclude Include="win32\resource.h">
      <Filter>头文件</Filter>
    </ClInclude>
    <ClInclude Include="win32\targetver.h">
      <Filter>头文件</Filter>
    </ClInclude>
    <ClInclude Include="include\base_renderer.h">
      <Filter>头文件</Filter>
    </ClInclude>
    <ClInclude Include="include\renderer.h">
      <Filter>头文件</Filter>
    </ClInclude>
    <ClInclude Include="main.h">
      <Filter>头文件</Filter>
    </ClInclude>
    <ClInclude Include="include\global_resources.h">
      <Filter>头文件</Filter>
    </ClInclude>
  </ItemGroup>
  <ItemGroup>
    <ClCompile Include="source\dx12\descriptor_allocator.cpp">
      <Filter>源文件</Filter>
    </ClCompile>
    <ClCompile Include="source\dx12\heap.cpp">
      <Filter>源文件</Filter>
    </ClCompile>
    <ClCompile Include="source\dx12\resource.cpp">
      <Filter>源文件</Filter>
    </ClCompile>
    <ClCompile Include="source\dx12\sampler.cpp">
      <Filter>源文件</Filter>
    </ClCompile>
    <ClCompile Include="source\dx12\Shader.cpp">
      <Filter>源文件</Filter>
    </ClCompile>
    <ClCompile Include="source\manager\ssao.cpp">
      <Filter>源文件</Filter>
    </ClCompile>
    <ClCompile Include="source\manager\taa.cpp">
      <Filter>源文件</Filter>
    </ClCompile>
    <ClCompile Include="source\manager\display.cpp">
      <Filter>源文件</Filter>
    </ClCompile>
    <ClCompile Include="source\manager\light.cpp">
      <Filter>源文件</Filter>
    </ClCompile>
    <ClCompile Include="source\manager\mesh.cpp">
      <Filter>源文件</Filter>
    </ClCompile>
    <ClCompile Include="source\manager\oitppll.cpp">
      <Filter>源文件</Filter>
    </ClCompile>
    <ClCompile Include="source\manager\manager.cpp">
      <Filter>源文件</Filter>
    </ClCompile>
    <ClCompile Include="source\scene\assimp.cpp">
      <Filter>源文件</Filter>
    </ClCompile>
    <ClCompile Include="source\scene\camera.cpp">
      <Filter>源文件</Filter>
    </ClCompile>
    <ClCompile Include="source\scene\timer.cpp">
      <Filter>源文件</Filter>
    </ClCompile>
    <ClCompile Include="source\scene\model.cpp">
      <Filter>源文件</Filter>
    </ClCompile>
    <ClCompile Include="source\scene\skinned_data.cpp">
      <Filter>源文件</Filter>
    </ClCompile>
    <ClCompile Include="source\scene\texture.cpp">
      <Filter>源文件</Filter>
    </ClCompile>
    <ClCompile Include="source\utils\bitset.cpp">
      <Filter>源文件</Filter>
    </ClCompile>
    <ClCompile Include="source\utils\buddy.cpp">
      <Filter>源文件</Filter>
    </ClCompile>
    <ClCompile Include="source\base_renderer.cpp">
      <Filter>源文件</Filter>
    </ClCompile>
    <ClCompile Include="source\renderer.cpp">
      <Filter>源文件</Filter>
    </ClCompile>
    <ClCompile Include="main.cpp">
      <Filter>源文件</Filter>
    </ClCompile>
    <ClCompile Include="source\global_resources.cpp">
      <Filter>源文件</Filter>
    </ClCompile>
  </ItemGroup>
</Project>