<?xml version="1.0" encoding="utf-8"?>
<Project ToolsVersion="4.0" xmlns="http://schemas.microsoft.com/developer/msbuild/2003">
  <ItemGroup>
    <Filter Include="源文件">
      <UniqueIdentifier>{4FC737F1-C7A5-4376-A066-2A32D752A2FF}</UniqueIdentifier>
      <Extensions>cpp;c;cc;cxx;c++;cppm;ixx;def;odl;idl;hpj;bat;asm;asmx</Extensions>
    </Filter>
    <Filter Include="头文件">
      <UniqueIdentifier>{93995380-89BD-4b04-88EB-625FBE52EBFB}</UniqueIdentifier>
      <Extensions>h;hh;hpp;hxx;h++;hm;inl;inc;ipp;xsd</Extensions>
    </Filter>
    <Filter Include="资源文件">
      <UniqueIdentifier>{67DA6AB6-F800-4c08-8B7A-83BB121AAD01}</UniqueIdentifier>
      <Extensions>rc;ico;cur;bmp;dlg;rc2;rct;bin;rgs;gif;jpg;jpeg;jpe;resx;tiff;tif;png;wav;mfcribbon-ms</Extensions>
    </Filter>
  </ItemGroup>
  <ItemGroup>
    <ResourceCompile Include="Win32\Renderer.rc">
      <Filter>资源文件</Filter>
    </ResourceCompile>
  </ItemGroup>
  <ItemGroup>
    <ClCompile Include="BaseRenderer.cpp">
      <Filter>源文件</Filter>
    </ClCompile>
    <ClCompile Include="MainWindow.cpp">
      <Filter>源文件</Filter>
    </ClCompile>
    <ClCompile Include="Renderer.cpp">
      <Filter>源文件</Filter>
    </ClCompile>
    <ClCompile Include="Manager\Mesh\Mesh.cpp">
      <Filter>源文件</Filter>
    </ClCompile>
    <ClCompile Include="Manager\Manager.cpp">
      <Filter>源文件</Filter>
    </ClCompile>
    <ClCompile Include="DirectX\Resource.cpp">
      <Filter>源文件</Filter>
    </ClCompile>
    <ClCompile Include="DirectX\Shader.cpp">
      <Filter>源文件</Filter>
    </ClCompile>
    <ClCompile Include="Manager\Ambient Occlusion\Ssao.cpp">
      <Filter>源文件</Filter>
    </ClCompile>
    <ClCompile Include="Manager\Anti-Aliasing\Taa.cpp">
      <Filter>源文件</Filter>
    </ClCompile>
    <ClCompile Include="Manager\Display\Display.cpp">
      <Filter>源文件</Filter>
    </ClCompile>
    <ClCompile Include="Manager\Light\Light.cpp">
      <Filter>源文件</Filter>
    </ClCompile>
    <ClCompile Include="Resource\AssimpModel.cpp">
      <Filter>源文件</Filter>
    </ClCompile>
    <ClCompile Include="Resource\Camera.cpp">
      <Filter>源文件</Filter>
    </ClCompile>
    <ClCompile Include="Resource\GameTimer.cpp">
      <Filter>源文件</Filter>
    </ClCompile>
    <ClCompile Include="Resource\Model.cpp">
      <Filter>源文件</Filter>
    </ClCompile>
    <ClCompile Include="Resource\SkinnedData.cpp">
      <Filter>源文件</Filter>
    </ClCompile>
    <ClCompile Include="Resource\Texture.cpp">
      <Filter>源文件</Filter>
    </ClCompile>
    <ClCompile Include="DirectX\Heap.cpp">
      <Filter>源文件</Filter>
    </ClCompile>
    <ClCompile Include="Utils\Buddy.cpp">
      <Filter>源文件</Filter>
    </ClCompile>
    <ClCompile Include="DirectX\DescriptorAllocator.cpp">
      <Filter>源文件</Filter>
    </ClCompile>
    <ClCompile Include="DirectX\Sampler.cpp">
      <Filter>源文件</Filter>
    </ClCompile>
    <ClCompile Include="Utils\Bitset.cpp">
      <Filter>源文件</Filter>
    </ClCompile>
    <ClCompile Include="Manager\Transparency\Oitppll.cpp">
      <Filter>源文件</Filter>
    </ClCompile>
  </ItemGroup>
  <ItemGroup>
    <ClInclude Include="BaseRenderer.h">
      <Filter>头文件</Filter>
    </ClInclude>
    <ClInclude Include="Win32\framework.h">
      <Filter>头文件</Filter>
    </ClInclude>
    <ClInclude Include="MainWindow.h">
      <Filter>头文件</Filter>
    </ClInclude>
    <ClInclude Include="Renderer.h">
      <Filter>头文件</Filter>
    </ClInclude>
    <ClInclude Include="Win32\Resource.h">
      <Filter>头文件</Filter>
    </ClInclude>
    <ClInclude Include="Win32\targetver.h">
      <Filter>头文件</Filter>
    </ClInclude>
    <ClInclude Include="Manager\Mesh\Mesh.h">
      <Filter>头文件</Filter>
    </ClInclude>
    <ClInclude Include="Manager\Manager.h">
      <Filter>头文件</Filter>
    </ClInclude>
    <ClInclude Include="Utils\d3dx12.h">
      <Filter>头文件</Filter>
    </ClInclude>
    <ClInclude Include="DirectX\Resource.h">
      <Filter>头文件</Filter>
    </ClInclude>
    <ClInclude Include="DirectX\Shader.h">
      <Filter>头文件</Filter>
    </ClInclude>
    <ClInclude Include="Manager\Ambient Occlusion\Ssao.h">
      <Filter>头文件</Filter>
    </ClInclude>
    <ClInclude Include="Manager\Anti-Aliasing\Taa.h">
      <Filter>头文件</Filter>
    </ClInclude>
    <ClInclude Include="Manager\Display\Display.h">
      <Filter>头文件</Filter>
    </ClInclude>
    <ClInclude Include="Manager\Light\Light.h">
      <Filter>头文件</Filter>
    </ClInclude>
    <ClInclude Include="Resource\AssimpModel.h">
      <Filter>头文件</Filter>
    </ClInclude>
    <ClInclude Include="Resource\Camera.h">
      <Filter>头文件</Filter>
    </ClInclude>
    <ClInclude Include="Resource\GameTimer.h">
      <Filter>头文件</Filter>
    </ClInclude>
    <ClInclude Include="Resource\Model.h">
      <Filter>头文件</Filter>
    </ClInclude>
    <ClInclude Include="Resource\SkinnedData.h">
      <Filter>头文件</Filter>
    </ClInclude>
    <ClInclude Include="Resource\Texture.h">
      <Filter>头文件</Filter>
    </ClInclude>
    <ClInclude Include="Utils\Common.h">
      <Filter>头文件</Filter>
    </ClInclude>
    <ClInclude Include="DirectX\Heap.h">
      <Filter>头文件</Filter>
    </ClInclude>
    <ClInclude Include="Utils\Buddy.h">
      <Filter>头文件</Filter>
    </ClInclude>
    <ClInclude Include="DirectX\DescriptorAllocator.h">
      <Filter>头文件</Filter>
    </ClInclude>
    <ClInclude Include="DirectX\Sampler.h">
      <Filter>头文件</Filter>
    </ClInclude>
    <ClInclude Include="Utils\Bitset.h">
      <Filter>头文件</Filter>
    </ClInclude>
    <ClInclude Include="Manager\Transparency\Oitppll.h">
      <Filter>头文件</Filter>
    </ClInclude>
  </ItemGroup>
  <ItemGroup>
    <None Include="Win32\packages.config" />
    <None Include="packages.config" />
  </ItemGroup>
  <ItemGroup>
    <Image Include="Win32\Carol.ico">
      <Filter>资源文件</Filter>
    </Image>
  </ItemGroup>
</Project>