<?xml version="1.0" encoding="utf-8"?>
<Project ToolsVersion="4.0" xmlns="http://schemas.microsoft.com/developer/msbuild/2003">
  <ItemGroup>
    <Filter Include="源文件">
      <UniqueIdentifier>{4FC737F1-C7A5-4376-A066-2A32D752A2FF}</UniqueIdentifier>
      <Extensions>cpp;c;cc;cxx;c++;cppm;ixx;def;odl;idl;hpj;bat;asm;asmx</Extensions>
    </Filter>
    <Filter Include="头文件">
      <UniqueIdentifier>{93995380-89BD-4b04-88EB-625FBE52EBFB}</UniqueIdentifier>
      <Extensions>h;hh;hpp;hxx;h++;hm;inl;inc;ipp;xsd</Extensions>
    </Filter>
    <Filter Include="资源文件">
      <UniqueIdentifier>{67DA6AB6-F800-4c08-8B7A-83BB121AAD01}</UniqueIdentifier>
      <Extensions>rc;ico;cur;bmp;dlg;rc2;rct;bin;rgs;gif;jpg;jpeg;jpe;resx;tiff;tif;png;wav;mfcribbon-ms</Extensions>
    </Filter>
    <Filter Include="着色器文件">
      <UniqueIdentifier>{1dddad87-661a-4040-b99d-a8ae84958f4e}</UniqueIdentifier>
    </Filter>
  </ItemGroup>
  <ItemGroup>
    <ResourceCompile Include="win32\renderer.rc">
      <Filter>资源文件</Filter>
    </ResourceCompile>
  </ItemGroup>
  <ItemGroup>
    <ClInclude Include="include\dx12\descriptor_allocator.h">
      <Filter>头文件</Filter>
    </ClInclude>
    <ClInclude Include="include\dx12\heap.h">
      <Filter>头文件</Filter>
    </ClInclude>
    <ClInclude Include="include\dx12\resource.h">
      <Filter>头文件</Filter>
    </ClInclude>
    <ClInclude Include="include\dx12\sampler.h">
      <Filter>头文件</Filter>
    </ClInclude>
    <ClInclude Include="include\dx12\shader.h">
      <Filter>头文件</Filter>
    </ClInclude>
    <ClInclude Include="include\render_pass\ssao.h">
      <Filter>头文件</Filter>
    </ClInclude>
    <ClInclude Include="include\render_pass\taa.h">
      <Filter>头文件</Filter>
    </ClInclude>
    <ClInclude Include="include\render_pass\display.h">
      <Filter>头文件</Filter>
    </ClInclude>
    <ClInclude Include="include\render_pass\shadow.h">
      <Filter>头文件</Filter>
    </ClInclude>
    <ClInclude Include="include\render_pass\mesh.h">
      <Filter>头文件</Filter>
    </ClInclude>
    <ClInclude Include="include\render_pass\oitppll.h">
      <Filter>头文件</Filter>
    </ClInclude>
    <ClInclude Include="include\render_pass\render_pass.h">
      <Filter>头文件</Filter>
    </ClInclude>
    <ClInclude Include="include\scene\assimp.h">
      <Filter>头文件</Filter>
    </ClInclude>
    <ClInclude Include="include\scene\camera.h">
      <Filter>头文件</Filter>
    </ClInclude>
    <ClInclude Include="include\scene\timer.h">
      <Filter>头文件</Filter>
    </ClInclude>
    <ClInclude Include="include\scene\model.h">
      <Filter>头文件</Filter>
    </ClInclude>
    <ClInclude Include="include\scene\skinned_data.h">
      <Filter>头文件</Filter>
    </ClInclude>
    <ClInclude Include="include\scene\texture.h">
      <Filter>头文件</Filter>
    </ClInclude>
    <ClInclude Include="include\utils\bitset.h">
      <Filter>头文件</Filter>
    </ClInclude>
    <ClInclude Include="include\utils\buddy.h">
      <Filter>头文件</Filter>
    </ClInclude>
    <ClInclude Include="include\utils\common.h">
      <Filter>头文件</Filter>
    </ClInclude>
    <ClInclude Include="include\utils\d3dx12.h">
      <Filter>头文件</Filter>
    </ClInclude>
    <ClInclude Include="win32\framework.h">
      <Filter>头文件</Filter>
    </ClInclude>
    <ClInclude Include="win32\resource.h">
      <Filter>头文件</Filter>
    </ClInclude>
    <ClInclude Include="win32\targetver.h">
      <Filter>头文件</Filter>
    </ClInclude>
    <ClInclude Include="include\base_renderer.h">
      <Filter>头文件</Filter>
    </ClInclude>
    <ClInclude Include="include\renderer.h">
      <Filter>头文件</Filter>
    </ClInclude>
    <ClInclude Include="main.h">
      <Filter>头文件</Filter>
    </ClInclude>
    <ClInclude Include="include\render_pass\global_resources.h">
      <Filter>头文件</Filter>
    </ClInclude>
    <ClInclude Include="include\dx12\root_signature.h">
      <Filter>头文件</Filter>
    </ClInclude>
    <ClInclude Include="include\scene\light.h">
      <Filter>头文件</Filter>
    </ClInclude>
    <ClInclude Include="include\render_pass\normal.h">
      <Filter>头文件</Filter>
    </ClInclude>
    <ClInclude Include="include\render_pass\frame.h">
      <Filter>头文件</Filter>
    </ClInclude>
    <ClInclude Include="include\scene\scene.h">
      <Filter>头文件</Filter>
    </ClInclude>
    <ClInclude Include="include\scene\material.h">
      <Filter>头文件</Filter>
    </ClInclude>
  </ItemGroup>
  <ItemGroup>
    <ClCompile Include="source\dx12\descriptor_allocator.cpp">
      <Filter>源文件</Filter>
    </ClCompile>
    <ClCompile Include="source\dx12\heap.cpp">
      <Filter>源文件</Filter>
    </ClCompile>
    <ClCompile Include="source\dx12\resource.cpp">
      <Filter>源文件</Filter>
    </ClCompile>
    <ClCompile Include="source\dx12\sampler.cpp">
      <Filter>源文件</Filter>
    </ClCompile>
    <ClCompile Include="source\dx12\shader.cpp">
      <Filter>源文件</Filter>
    </ClCompile>
    <ClCompile Include="source\render_pass\ssao.cpp">
      <Filter>源文件</Filter>
    </ClCompile>
    <ClCompile Include="source\render_pass\taa.cpp">
      <Filter>源文件</Filter>
    </ClCompile>
    <ClCompile Include="source\render_pass\display.cpp">
      <Filter>源文件</Filter>
    </ClCompile>
    <ClCompile Include="source\render_pass\shadow.cpp">
      <Filter>源文件</Filter>
    </ClCompile>
    <ClCompile Include="source\render_pass\mesh.cpp">
      <Filter>源文件</Filter>
    </ClCompile>
    <ClCompile Include="source\render_pass\oitppll.cpp">
      <Filter>源文件</Filter>
    </ClCompile>
    <ClCompile Include="source\scene\assimp.cpp">
      <Filter>源文件</Filter>
    </ClCompile>
    <ClCompile Include="source\scene\camera.cpp">
      <Filter>源文件</Filter>
    </ClCompile>
    <ClCompile Include="source\scene\timer.cpp">
      <Filter>源文件</Filter>
    </ClCompile>
    <ClCompile Include="source\scene\model.cpp">
      <Filter>源文件</Filter>
    </ClCompile>
    <ClCompile Include="source\scene\skinned_data.cpp">
      <Filter>源文件</Filter>
    </ClCompile>
    <ClCompile Include="source\scene\texture.cpp">
      <Filter>源文件</Filter>
    </ClCompile>
    <ClCompile Include="source\utils\bitset.cpp">
      <Filter>源文件</Filter>
    </ClCompile>
    <ClCompile Include="source\utils\buddy.cpp">
      <Filter>源文件</Filter>
    </ClCompile>
    <ClCompile Include="source\base_renderer.cpp">
      <Filter>源文件</Filter>
    </ClCompile>
    <ClCompile Include="source\renderer.cpp">
      <Filter>源文件</Filter>
    </ClCompile>
    <ClCompile Include="main.cpp">
      <Filter>源文件</Filter>
    </ClCompile>
    <ClCompile Include="source\dx12\root_signature.cpp">
      <Filter>源文件</Filter>
    </ClCompile>
    <ClCompile Include="source\render_pass\normal.cpp">
      <Filter>源文件</Filter>
    </ClCompile>
    <ClCompile Include="source\render_pass\frame.cpp">
      <Filter>源文件</Filter>
    </ClCompile>
    <ClCompile Include="source\scene\scene.cpp">
      <Filter>源文件</Filter>
    </ClCompile>
    <ClCompile Include="source\render_pass\render_pass.cpp">
      <Filter>源文件</Filter>
    </ClCompile>
  </ItemGroup>
  <ItemGroup>
    <Image Include="win32\carol.ico">
      <Filter>资源文件</Filter>
    </Image>
  </ItemGroup>
  <ItemGroup>
    <None Include="shader\include\light.hlsli">
      <Filter>着色器文件</Filter>
    </None>
    <None Include="shader\include\mesh.hlsli">
      <Filter>着色器文件</Filter>
    </None>
    <None Include="shader\include\oitppll.hlsli">
      <Filter>着色器文件</Filter>
    </None>
    <None Include="shader\include\common.hlsli">
      <Filter>着色器文件</Filter>
    </None>
    <None Include="shader\root_signature.hlsl">
      <Filter>着色器文件</Filter>
    </None>
    <None Include="shader\include\screen.hlsli">
      <Filter>着色器文件</Filter>
    </None>
    <None Include="shader\shadow_ms.hlsl">
      <Filter>着色器文件</Filter>
    </None>
    <None Include="shader\include\shadow.hlsli">
      <Filter>着色器文件</Filter>
    </None>
    <None Include="shader\include\skinned.hlsli">
      <Filter>着色器文件</Filter>
    </None>
    <None Include="shader\ssao_ps.hlsl">
      <Filter>着色器文件</Filter>
    </None>
    <None Include="shader\taa_ps.hlsl">
      <Filter>着色器文件</Filter>
    </None>
    <None Include="shader\velocity_ms.hlsl">
      <Filter>着色器文件</Filter>
    </None>
    <None Include="shader\include\vertex_in.hlsli">
      <Filter>着色器文件</Filter>
    </None>
    <None Include="packages.config" />
    <None Include="bin\assimp-vc143-mtd.dll" />
    <None Include="bin\dxcompiler.dll" />
    <None Include="bin\dxil.dll" />
    <None Include="assimp-vc143-mtd.dll" />
    <None Include="dxcompiler.dll" />
    <None Include="dxil.dll" />
    <None Include="shader\cull_as.hlsl" />
    <None Include="shader\include\cull.hlsli" />
    <None Include="shader\default_ps.hlsl" />
    <None Include="shader\default_ms.hlsl" />
    <None Include="shader\screen_ms.hlsl" />
    <None Include="shader\oitppll_ps.hlsl" />
    <None Include="shader\skybox_ms.hlsl" />
    <None Include="shader\skybox_ps.hlsl" />
    <None Include="shader\ssao_blur_ps.hlsl" />
    <None Include="shader\velocity_ps.hlsl" />
    <None Include="shader\normals_ms.hlsl" />
    <None Include="shader\oitppll_build_ps.hlsl" />
    <None Include="shader\ssao_ms.hlsl" />
    <None Include="shader\hiz_generate_cs.hlsl" />
    <None Include="shader\cull_cs.hlsl" />
    <None Include="shader\cull_as.hlsli" />
  </ItemGroup>
  <ItemGroup>
    <Library Include="lib\dxcompiler.lib" />
    <Library Include="lib\assimp-vc143-mtd.lib" />
  </ItemGroup>
  <ItemGroup>
    <FxCompile Include="shader\normals_ps.hlsl" />
  </ItemGroup>
</Project>